// !$*UTF8*$!
{
	archiveVersion = 1;
	classes = {
	};
	objectVersion = 77;
	objects = {

/* Begin PBXBuildFile section */
		A10000002FCE000000000201 /* main.swift in Sources */ = {isa = PBXBuildFile; fileRef = A10000002FCE000000000101 /* main.swift */; };
		A10000002FCE000000000202 /* CadenceMCPToolRouter.swift in Sources */ = {isa = PBXBuildFile; fileRef = A10000002FCE000000000102 /* CadenceMCPToolRouter.swift */; };
		A10000002FCE000000000203 /* Cadence/Models/ModelEnums.swift in Sources */ = {isa = PBXBuildFile; fileRef = A10000002FCE000000000103 /* Cadence/Models/ModelEnums.swift */; };
		A10000002FCE000000000204 /* Cadence/Models/Context.swift in Sources */ = {isa = PBXBuildFile; fileRef = A10000002FCE000000000104 /* Cadence/Models/Context.swift */; };
		A10000002FCE000000000205 /* Cadence/Models/Area.swift in Sources */ = {isa = PBXBuildFile; fileRef = A10000002FCE000000000105 /* Cadence/Models/Area.swift */; };
		A10000002FCE000000000206 /* Cadence/Models/Project.swift in Sources */ = {isa = PBXBuildFile; fileRef = A10000002FCE000000000106 /* Cadence/Models/Project.swift */; };
		A10000002FCE000000000207 /* Cadence/Models/Goal.swift in Sources */ = {isa = PBXBuildFile; fileRef = A10000002FCE000000000107 /* Cadence/Models/Goal.swift */; };
		A10000002FCE000000000208 /* Cadence/Models/AppTask.swift in Sources */ = {isa = PBXBuildFile; fileRef = A10000002FCE000000000108 /* Cadence/Models/AppTask.swift */; };
		A10000002FCE000000000209 /* Cadence/Models/Subtask.swift in Sources */ = {isa = PBXBuildFile; fileRef = A10000002FCE000000000109 /* Cadence/Models/Subtask.swift */; };
		A10000002FCE00000000020A /* Cadence/Models/Habit.swift in Sources */ = {isa = PBXBuildFile; fileRef = A10000002FCE00000000010A /* Cadence/Models/Habit.swift */; };
		A10000002FCE00000000020B /* Cadence/Models/HabitCompletion.swift in Sources */ = {isa = PBXBuildFile; fileRef = A10000002FCE00000000010B /* Cadence/Models/HabitCompletion.swift */; };
		A10000002FCE00000000020C /* Cadence/Models/DailyNote.swift in Sources */ = {isa = PBXBuildFile; fileRef = A10000002FCE00000000010C /* Cadence/Models/DailyNote.swift */; };
		A10000002FCE00000000020D /* Cadence/Models/WeeklyNote.swift in Sources */ = {isa = PBXBuildFile; fileRef = A10000002FCE00000000010D /* Cadence/Models/WeeklyNote.swift */; };
		A10000002FCE00000000020E /* Cadence/Models/PermNote.swift in Sources */ = {isa = PBXBuildFile; fileRef = A10000002FCE00000000010E /* Cadence/Models/PermNote.swift */; };
		A10000002FCE00000000020F /* Cadence/Models/Document.swift in Sources */ = {isa = PBXBuildFile; fileRef = A10000002FCE00000000010F /* Cadence/Models/Document.swift */; };
		A10000002FCE000000000210 /* Cadence/Models/SavedLink.swift in Sources */ = {isa = PBXBuildFile; fileRef = A10000002FCE000000000110 /* Cadence/Models/SavedLink.swift */; };
		A10000002FCE000000000211 /* Cadence/Models/EventNote.swift in Sources */ = {isa = PBXBuildFile; fileRef = A10000002FCE000000000111 /* Cadence/Models/EventNote.swift */; };
		A10000002FCE000000000212 /* Cadence/Shared/DateFormatters.swift in Sources */ = {isa = PBXBuildFile; fileRef = A10000002FCE000000000112 /* Cadence/Shared/DateFormatters.swift */; };
		A10000002FCE000000000213 /* Cadence/Services/CadenceSchema.swift in Sources */ = {isa = PBXBuildFile; fileRef = A10000002FCE000000000113 /* Cadence/Services/CadenceSchema.swift */; };
		A10000002FCE000000000214 /* Cadence/Services/MCPReadOnly/CadenceReadDTOs.swift in Sources */ = {isa = PBXBuildFile; fileRef = A10000002FCE000000000114 /* Cadence/Services/MCPReadOnly/CadenceReadDTOs.swift */; };
		A10000002FCE000000000215 /* Cadence/Services/MCPReadOnly/CadenceSearchMatcher.swift in Sources */ = {isa = PBXBuildFile; fileRef = A10000002FCE000000000115 /* Cadence/Services/MCPReadOnly/CadenceSearchMatcher.swift */; };
		A10000002FCE000000000216 /* Cadence/Services/MCPReadOnly/CadenceModelContainerFactory.swift in Sources */ = {isa = PBXBuildFile; fileRef = A10000002FCE000000000116 /* Cadence/Services/MCPReadOnly/CadenceModelContainerFactory.swift */; };
		A10000002FCE000000000217 /* Cadence/Services/MCPReadOnly/CadenceReadService.swift in Sources */ = {isa = PBXBuildFile; fileRef = A10000002FCE000000000117 /* Cadence/Services/MCPReadOnly/CadenceReadService.swift */; };
		A10000002FCE000000000218 /* MCP in Frameworks */ = {isa = PBXBuildFile; productRef = A10000002FCE000000000302 /* MCP */; };
		A10000002FCE000000000219 /* Cadence/Services/MCPReadOnly/CadenceWriteService.swift in Sources */ = {isa = PBXBuildFile; fileRef = A10000002FCE000000000118 /* Cadence/Services/MCPReadOnly/CadenceWriteService.swift */; };
		A10000002FCE00000000021A /* Cadence/Services/MCPReadOnly/CadenceMCPServiceSupport.swift in Sources */ = {isa = PBXBuildFile; fileRef = A10000002FCE000000000119 /* Cadence/Services/MCPReadOnly/CadenceMCPServiceSupport.swift */; };
		A10000002FCE00000000021B /* CadenceMCPToolDefinitions.swift in Sources */ = {isa = PBXBuildFile; fileRef = A10000002FCE00000000011A /* CadenceMCPToolDefinitions.swift */; };
		A10000002FCE00000000021C /* CadenceMCPArgumentParsing.swift in Sources */ = {isa = PBXBuildFile; fileRef = A10000002FCE00000000011B /* CadenceMCPArgumentParsing.swift */; };
		A10000002FCE00000000021D /* Cadence/Services/MCPReadOnly/CadenceMCPAuditLog.swift in Sources */ = {isa = PBXBuildFile; fileRef = A10000002FCE00000000011C /* Cadence/Services/MCPReadOnly/CadenceMCPAuditLog.swift */; };
		A10000002FCE00000000021E /* Cadence/Models/MarkdownImageAsset.swift in Sources */ = {isa = PBXBuildFile; fileRef = A10000002FCE00000000011D /* Cadence/Models/MarkdownImageAsset.swift */; };
		A10000002FCE00000000021F /* Cadence/Models/Note.swift in Sources */ = {isa = PBXBuildFile; fileRef = A10000002FCE00000000011E /* Cadence/Models/Note.swift */; };
		A10000002FCE000000000220 /* Cadence/Services/NoteMigrationService.swift in Sources */ = {isa = PBXBuildFile; fileRef = A10000002FCE00000000011F /* Cadence/Services/NoteMigrationService.swift */; };
/* End PBXBuildFile section */

/* Begin PBXContainerItemProxy section */
		8850FF312F75C94C00A80F43 /* PBXContainerItemProxy */ = {
			isa = PBXContainerItemProxy;
			containerPortal = 8850FF172F75C94900A80F43 /* Project object */;
			proxyType = 1;
			remoteGlobalIDString = 8850FF1E2F75C94900A80F43;
			remoteInfo = Cadence;
		};
		8850FF3B2F75C94C00A80F43 /* PBXContainerItemProxy */ = {
			isa = PBXContainerItemProxy;
			containerPortal = 8850FF172F75C94900A80F43 /* Project object */;
			proxyType = 1;
			remoteGlobalIDString = 8850FF1E2F75C94900A80F43;
			remoteInfo = Cadence;
		};
/* End PBXContainerItemProxy section */

/* Begin PBXFileReference section */
		8850FF1F2F75C94900A80F43 /* Cadence.app */ = {isa = PBXFileReference; explicitFileType = wrapper.application; includeInIndex = 0; path = Cadence.app; sourceTree = BUILT_PRODUCTS_DIR; };
		8850FF302F75C94C00A80F43 /* CadenceTests.xctest */ = {isa = PBXFileReference; explicitFileType = wrapper.cfbundle; includeInIndex = 0; path = CadenceTests.xctest; sourceTree = BUILT_PRODUCTS_DIR; };
		8850FF3A2F75C94C00A80F43 /* CadenceUITests.xctest */ = {isa = PBXFileReference; explicitFileType = wrapper.cfbundle; includeInIndex = 0; path = CadenceUITests.xctest; sourceTree = BUILT_PRODUCTS_DIR; };
		A10000002FCE000000000100 /* CadenceMCPServer */ = {isa = PBXFileReference; explicitFileType = "compiled.mach-o.executable"; includeInIndex = 0; path = CadenceMCPServer; sourceTree = BUILT_PRODUCTS_DIR; };
		A10000002FCE000000000101 /* main.swift */ = {isa = PBXFileReference; lastKnownFileType = sourcecode.swift; path = main.swift; sourceTree = "<group>"; };
		A10000002FCE000000000102 /* CadenceMCPToolRouter.swift */ = {isa = PBXFileReference; lastKnownFileType = sourcecode.swift; path = CadenceMCPToolRouter.swift; sourceTree = "<group>"; };
		A10000002FCE000000000103 /* Cadence/Models/ModelEnums.swift */ = {isa = PBXFileReference; lastKnownFileType = sourcecode.swift; path = Cadence/Models/ModelEnums.swift; sourceTree = "<group>"; };
		A10000002FCE000000000104 /* Cadence/Models/Context.swift */ = {isa = PBXFileReference; lastKnownFileType = sourcecode.swift; path = Cadence/Models/Context.swift; sourceTree = "<group>"; };
		A10000002FCE000000000105 /* Cadence/Models/Area.swift */ = {isa = PBXFileReference; lastKnownFileType = sourcecode.swift; path = Cadence/Models/Area.swift; sourceTree = "<group>"; };
		A10000002FCE000000000106 /* Cadence/Models/Project.swift */ = {isa = PBXFileReference; lastKnownFileType = sourcecode.swift; path = Cadence/Models/Project.swift; sourceTree = "<group>"; };
		A10000002FCE000000000107 /* Cadence/Models/Goal.swift */ = {isa = PBXFileReference; lastKnownFileType = sourcecode.swift; path = Cadence/Models/Goal.swift; sourceTree = "<group>"; };
		A10000002FCE000000000108 /* Cadence/Models/AppTask.swift */ = {isa = PBXFileReference; lastKnownFileType = sourcecode.swift; path = Cadence/Models/AppTask.swift; sourceTree = "<group>"; };
		A10000002FCE000000000109 /* Cadence/Models/Subtask.swift */ = {isa = PBXFileReference; lastKnownFileType = sourcecode.swift; path = Cadence/Models/Subtask.swift; sourceTree = "<group>"; };
		A10000002FCE00000000010A /* Cadence/Models/Habit.swift */ = {isa = PBXFileReference; lastKnownFileType = sourcecode.swift; path = Cadence/Models/Habit.swift; sourceTree = "<group>"; };
		A10000002FCE00000000010B /* Cadence/Models/HabitCompletion.swift */ = {isa = PBXFileReference; lastKnownFileType = sourcecode.swift; path = Cadence/Models/HabitCompletion.swift; sourceTree = "<group>"; };
		A10000002FCE00000000010C /* Cadence/Models/DailyNote.swift */ = {isa = PBXFileReference; lastKnownFileType = sourcecode.swift; path = Cadence/Models/DailyNote.swift; sourceTree = "<group>"; };
		A10000002FCE00000000010D /* Cadence/Models/WeeklyNote.swift */ = {isa = PBXFileReference; lastKnownFileType = sourcecode.swift; path = Cadence/Models/WeeklyNote.swift; sourceTree = "<group>"; };
		A10000002FCE00000000010E /* Cadence/Models/PermNote.swift */ = {isa = PBXFileReference; lastKnownFileType = sourcecode.swift; path = Cadence/Models/PermNote.swift; sourceTree = "<group>"; };
		A10000002FCE00000000010F /* Cadence/Models/Document.swift */ = {isa = PBXFileReference; lastKnownFileType = sourcecode.swift; path = Cadence/Models/Document.swift; sourceTree = "<group>"; };
		A10000002FCE000000000110 /* Cadence/Models/SavedLink.swift */ = {isa = PBXFileReference; lastKnownFileType = sourcecode.swift; path = Cadence/Models/SavedLink.swift; sourceTree = "<group>"; };
		A10000002FCE000000000111 /* Cadence/Models/EventNote.swift */ = {isa = PBXFileReference; lastKnownFileType = sourcecode.swift; path = Cadence/Models/EventNote.swift; sourceTree = "<group>"; };
		A10000002FCE000000000112 /* Cadence/Shared/DateFormatters.swift */ = {isa = PBXFileReference; lastKnownFileType = sourcecode.swift; path = Cadence/Shared/DateFormatters.swift; sourceTree = "<group>"; };
		A10000002FCE000000000113 /* Cadence/Services/CadenceSchema.swift */ = {isa = PBXFileReference; lastKnownFileType = sourcecode.swift; path = Cadence/Services/CadenceSchema.swift; sourceTree = "<group>"; };
		A10000002FCE000000000114 /* Cadence/Services/MCPReadOnly/CadenceReadDTOs.swift */ = {isa = PBXFileReference; lastKnownFileType = sourcecode.swift; path = Cadence/Services/MCPReadOnly/CadenceReadDTOs.swift; sourceTree = "<group>"; };
		A10000002FCE000000000115 /* Cadence/Services/MCPReadOnly/CadenceSearchMatcher.swift */ = {isa = PBXFileReference; lastKnownFileType = sourcecode.swift; path = Cadence/Services/MCPReadOnly/CadenceSearchMatcher.swift; sourceTree = "<group>"; };
		A10000002FCE000000000116 /* Cadence/Services/MCPReadOnly/CadenceModelContainerFactory.swift */ = {isa = PBXFileReference; lastKnownFileType = sourcecode.swift; path = Cadence/Services/MCPReadOnly/CadenceModelContainerFactory.swift; sourceTree = "<group>"; };
		A10000002FCE000000000117 /* Cadence/Services/MCPReadOnly/CadenceReadService.swift */ = {isa = PBXFileReference; lastKnownFileType = sourcecode.swift; path = Cadence/Services/MCPReadOnly/CadenceReadService.swift; sourceTree = "<group>"; };
		A10000002FCE000000000118 /* Cadence/Services/MCPReadOnly/CadenceWriteService.swift */ = {isa = PBXFileReference; lastKnownFileType = sourcecode.swift; path = Cadence/Services/MCPReadOnly/CadenceWriteService.swift; sourceTree = "<group>"; };
		A10000002FCE000000000119 /* Cadence/Services/MCPReadOnly/CadenceMCPServiceSupport.swift */ = {isa = PBXFileReference; lastKnownFileType = sourcecode.swift; path = Cadence/Services/MCPReadOnly/CadenceMCPServiceSupport.swift; sourceTree = "<group>"; };
		A10000002FCE00000000011A /* CadenceMCPToolDefinitions.swift */ = {isa = PBXFileReference; lastKnownFileType = sourcecode.swift; path = CadenceMCPToolDefinitions.swift; sourceTree = "<group>"; };
		A10000002FCE00000000011B /* CadenceMCPArgumentParsing.swift */ = {isa = PBXFileReference; lastKnownFileType = sourcecode.swift; path = CadenceMCPArgumentParsing.swift; sourceTree = "<group>"; };
		A10000002FCE00000000011C /* Cadence/Services/MCPReadOnly/CadenceMCPAuditLog.swift */ = {isa = PBXFileReference; lastKnownFileType = sourcecode.swift; path = Cadence/Services/MCPReadOnly/CadenceMCPAuditLog.swift; sourceTree = "<group>"; };
		A10000002FCE00000000011D /* Cadence/Models/MarkdownImageAsset.swift */ = {isa = PBXFileReference; lastKnownFileType = sourcecode.swift; path = Cadence/Models/MarkdownImageAsset.swift; sourceTree = "<group>"; };
		A10000002FCE00000000011E /* Cadence/Models/Note.swift */ = {isa = PBXFileReference; lastKnownFileType = sourcecode.swift; path = Cadence/Models/Note.swift; sourceTree = "<group>"; };
		A10000002FCE00000000011F /* Cadence/Services/NoteMigrationService.swift */ = {isa = PBXFileReference; lastKnownFileType = sourcecode.swift; path = Cadence/Services/NoteMigrationService.swift; sourceTree = "<group>"; };
/* End PBXFileReference section */

/* Begin PBXFileSystemSynchronizedBuildFileExceptionSet section */
		8850FF422F75C94C00A80F43 /* Exceptions for "Cadence" folder in "Cadence" target */ = {
			isa = PBXFileSystemSynchronizedBuildFileExceptionSet;
			membershipExceptions = (
				Info.plist,
			);
			target = 8850FF1E2F75C94900A80F43 /* Cadence */;
		};
/* End PBXFileSystemSynchronizedBuildFileExceptionSet section */

/* Begin PBXFileSystemSynchronizedRootGroup section */
		8850FF212F75C94900A80F43 /* Cadence */ = {
			isa = PBXFileSystemSynchronizedRootGroup;
			exceptions = (
				8850FF422F75C94C00A80F43 /* Exceptions for "Cadence" folder in "Cadence" target */,
			);
			path = Cadence;
			sourceTree = "<group>";
		};
		8850FF332F75C94C00A80F43 /* CadenceTests */ = {
			isa = PBXFileSystemSynchronizedRootGroup;
			path = CadenceTests;
			sourceTree = "<group>";
		};
		8850FF3D2F75C94C00A80F43 /* CadenceUITests */ = {
			isa = PBXFileSystemSynchronizedRootGroup;
			path = CadenceUITests;
			sourceTree = "<group>";
		};
/* End PBXFileSystemSynchronizedRootGroup section */

/* Begin PBXFrameworksBuildPhase section */
		8850FF1C2F75C94900A80F43 /* Frameworks */ = {
			isa = PBXFrameworksBuildPhase;
			buildActionMask = 2147483647;
			files = (
			);
			runOnlyForDeploymentPostprocessing = 0;
		};
		8850FF2D2F75C94C00A80F43 /* Frameworks */ = {
			isa = PBXFrameworksBuildPhase;
			buildActionMask = 2147483647;
			files = (
			);
			runOnlyForDeploymentPostprocessing = 0;
		};
		8850FF372F75C94C00A80F43 /* Frameworks */ = {
			isa = PBXFrameworksBuildPhase;
			buildActionMask = 2147483647;
			files = (
			);
			runOnlyForDeploymentPostprocessing = 0;
		};
		A10000002FCE000000000005 /* Frameworks */ = {
			isa = PBXFrameworksBuildPhase;
			buildActionMask = 2147483647;
			files = (
				A10000002FCE000000000218 /* MCP in Frameworks */,
			);
			runOnlyForDeploymentPostprocessing = 0;
		};
/* End PBXFrameworksBuildPhase section */

/* Begin PBXGroup section */
		88167E092FA107DC006071A0 /* Recovered References */ = {
			isa = PBXGroup;
			children = (
				A10000002FCE000000000103 /* Cadence/Models/ModelEnums.swift */,
				A10000002FCE000000000104 /* Cadence/Models/Context.swift */,
				A10000002FCE000000000105 /* Cadence/Models/Area.swift */,
				A10000002FCE000000000106 /* Cadence/Models/Project.swift */,
				A10000002FCE000000000107 /* Cadence/Models/Goal.swift */,
				A10000002FCE000000000108 /* Cadence/Models/AppTask.swift */,
				A10000002FCE000000000109 /* Cadence/Models/Subtask.swift */,
				A10000002FCE00000000010A /* Cadence/Models/Habit.swift */,
				A10000002FCE00000000010B /* Cadence/Models/HabitCompletion.swift */,
				A10000002FCE00000000010C /* Cadence/Models/DailyNote.swift */,
				A10000002FCE00000000010D /* Cadence/Models/WeeklyNote.swift */,
				A10000002FCE00000000010E /* Cadence/Models/PermNote.swift */,
				A10000002FCE00000000010F /* Cadence/Models/Document.swift */,
				A10000002FCE00000000011E /* Cadence/Models/Note.swift */,
				A10000002FCE000000000110 /* Cadence/Models/SavedLink.swift */,
				A10000002FCE000000000111 /* Cadence/Models/EventNote.swift */,
				A10000002FCE00000000011D /* Cadence/Models/MarkdownImageAsset.swift */,
				A10000002FCE000000000112 /* Cadence/Shared/DateFormatters.swift */,
				A10000002FCE000000000113 /* Cadence/Services/CadenceSchema.swift */,
				A10000002FCE00000000011F /* Cadence/Services/NoteMigrationService.swift */,
				A10000002FCE000000000114 /* Cadence/Services/MCPReadOnly/CadenceReadDTOs.swift */,
				A10000002FCE000000000115 /* Cadence/Services/MCPReadOnly/CadenceSearchMatcher.swift */,
				A10000002FCE000000000116 /* Cadence/Services/MCPReadOnly/CadenceModelContainerFactory.swift */,
				A10000002FCE000000000119 /* Cadence/Services/MCPReadOnly/CadenceMCPServiceSupport.swift */,
				A10000002FCE00000000011C /* Cadence/Services/MCPReadOnly/CadenceMCPAuditLog.swift */,
				A10000002FCE000000000117 /* Cadence/Services/MCPReadOnly/CadenceReadService.swift */,
				A10000002FCE000000000118 /* Cadence/Services/MCPReadOnly/CadenceWriteService.swift */,
			);
			name = "Recovered References";
			sourceTree = "<group>";
		};
		8850FF162F75C94900A80F43 = {
			isa = PBXGroup;
			children = (
				8850FF212F75C94900A80F43 /* Cadence */,
				A10000002FCE000000000004 /* CadenceMCPServer */,
				8850FF332F75C94C00A80F43 /* CadenceTests */,
				8850FF3D2F75C94C00A80F43 /* CadenceUITests */,
				8850FF202F75C94900A80F43 /* Products */,
				88167E092FA107DC006071A0 /* Recovered References */,
			);
			sourceTree = "<group>";
		};
		8850FF202F75C94900A80F43 /* Products */ = {
			isa = PBXGroup;
			children = (
				8850FF1F2F75C94900A80F43 /* Cadence.app */,
				A10000002FCE000000000100 /* CadenceMCPServer */,
				8850FF302F75C94C00A80F43 /* CadenceTests.xctest */,
				8850FF3A2F75C94C00A80F43 /* CadenceUITests.xctest */,
			);
			name = Products;
			sourceTree = "<group>";
		};
		A10000002FCE000000000004 /* CadenceMCPServer */ = {
			isa = PBXGroup;
			children = (
				A10000002FCE000000000101 /* main.swift */,
				A10000002FCE000000000102 /* CadenceMCPToolRouter.swift */,
				A10000002FCE00000000011A /* CadenceMCPToolDefinitions.swift */,
				A10000002FCE00000000011B /* CadenceMCPArgumentParsing.swift */,
			);
			path = CadenceMCPServer;
			sourceTree = "<group>";
		};
/* End PBXGroup section */

/* Begin PBXNativeTarget section */
		8850FF1E2F75C94900A80F43 /* Cadence */ = {
			isa = PBXNativeTarget;
			buildConfigurationList = 8850FF432F75C94C00A80F43 /* Build configuration list for PBXNativeTarget "Cadence" */;
			buildPhases = (
				8850FF1B2F75C94900A80F43 /* Sources */,
				8850FF1C2F75C94900A80F43 /* Frameworks */,
				8850FF1D2F75C94900A80F43 /* Resources */,
			);
			buildRules = (
			);
			dependencies = (
			);
			fileSystemSynchronizedGroups = (
				8850FF212F75C94900A80F43 /* Cadence */,
			);
			name = Cadence;
			packageProductDependencies = (
			);
			productName = Cadence;
			productReference = 8850FF1F2F75C94900A80F43 /* Cadence.app */;
			productType = "com.apple.product-type.application";
		};
		8850FF2F2F75C94C00A80F43 /* CadenceTests */ = {
			isa = PBXNativeTarget;
			buildConfigurationList = 8850FF482F75C94C00A80F43 /* Build configuration list for PBXNativeTarget "CadenceTests" */;
			buildPhases = (
				8850FF2C2F75C94C00A80F43 /* Sources */,
				8850FF2D2F75C94C00A80F43 /* Frameworks */,
				8850FF2E2F75C94C00A80F43 /* Resources */,
			);
			buildRules = (
			);
			dependencies = (
				8850FF322F75C94C00A80F43 /* PBXTargetDependency */,
			);
			fileSystemSynchronizedGroups = (
				8850FF332F75C94C00A80F43 /* CadenceTests */,
			);
			name = CadenceTests;
			packageProductDependencies = (
			);
			productName = CadenceTests;
			productReference = 8850FF302F75C94C00A80F43 /* CadenceTests.xctest */;
			productType = "com.apple.product-type.bundle.unit-test";
		};
		8850FF392F75C94C00A80F43 /* CadenceUITests */ = {
			isa = PBXNativeTarget;
			buildConfigurationList = 8850FF4B2F75C94C00A80F43 /* Build configuration list for PBXNativeTarget "CadenceUITests" */;
			buildPhases = (
				8850FF362F75C94C00A80F43 /* Sources */,
				8850FF372F75C94C00A80F43 /* Frameworks */,
				8850FF382F75C94C00A80F43 /* Resources */,
			);
			buildRules = (
			);
			dependencies = (
				8850FF3C2F75C94C00A80F43 /* PBXTargetDependency */,
			);
			fileSystemSynchronizedGroups = (
				8850FF3D2F75C94C00A80F43 /* CadenceUITests */,
			);
			name = CadenceUITests;
			packageProductDependencies = (
			);
			productName = CadenceUITests;
			productReference = 8850FF3A2F75C94C00A80F43 /* CadenceUITests.xctest */;
			productType = "com.apple.product-type.bundle.ui-testing";
		};
		A10000002FCE000000000006 /* CadenceMCPServer */ = {
			isa = PBXNativeTarget;
			buildConfigurationList = A10000002FCE00000000000A /* Build configuration list for PBXNativeTarget "CadenceMCPServer" */;
			buildPhases = (
				A10000002FCE000000000007 /* Sources */,
				A10000002FCE000000000005 /* Frameworks */,
			);
			buildRules = (
			);
			dependencies = (
			);
			name = CadenceMCPServer;
			packageProductDependencies = (
				A10000002FCE000000000302 /* MCP */,
			);
			productName = CadenceMCPServer;
			productReference = A10000002FCE000000000100 /* CadenceMCPServer */;
			productType = "com.apple.product-type.tool";
		};
/* End PBXNativeTarget section */

/* Begin PBXProject section */
		8850FF172F75C94900A80F43 /* Project object */ = {
			isa = PBXProject;
			attributes = {
				BuildIndependentTargetsInParallel = 1;
				LastSwiftUpdateCheck = 2630;
				LastUpgradeCheck = 2630;
				TargetAttributes = {
					8850FF1E2F75C94900A80F43 = {
						CreatedOnToolsVersion = 26.3;
					};
					8850FF2F2F75C94C00A80F43 = {
						CreatedOnToolsVersion = 26.3;
						TestTargetID = 8850FF1E2F75C94900A80F43;
					};
					8850FF392F75C94C00A80F43 = {
						CreatedOnToolsVersion = 26.3;
						TestTargetID = 8850FF1E2F75C94900A80F43;
					};
					A10000002FCE000000000006 = {
						CreatedOnToolsVersion = 26.3;
					};
				};
			};
			buildConfigurationList = 8850FF1A2F75C94900A80F43 /* Build configuration list for PBXProject "Cadence" */;
			developmentRegion = en;
			hasScannedForEncodings = 0;
			knownRegions = (
				en,
				Base,
			);
			mainGroup = 8850FF162F75C94900A80F43;
			minimizedProjectReferenceProxies = 1;
			packageReferences = (
				A10000002FCE000000000301 /* XCRemoteSwiftPackageReference "swift-sdk" */,
			);
			preferredProjectObjectVersion = 77;
			productRefGroup = 8850FF202F75C94900A80F43 /* Products */;
			projectDirPath = "";
			projectRoot = "";
			targets = (
				8850FF1E2F75C94900A80F43 /* Cadence */,
				A10000002FCE000000000006 /* CadenceMCPServer */,
				8850FF2F2F75C94C00A80F43 /* CadenceTests */,
				8850FF392F75C94C00A80F43 /* CadenceUITests */,
			);
		};
/* End PBXProject section */

/* Begin PBXResourcesBuildPhase section */
		8850FF1D2F75C94900A80F43 /* Resources */ = {
			isa = PBXResourcesBuildPhase;
			buildActionMask = 2147483647;
			files = (
			);
			runOnlyForDeploymentPostprocessing = 0;
		};
		8850FF2E2F75C94C00A80F43 /* Resources */ = {
			isa = PBXResourcesBuildPhase;
			buildActionMask = 2147483647;
			files = (
			);
			runOnlyForDeploymentPostprocessing = 0;
		};
		8850FF382F75C94C00A80F43 /* Resources */ = {
			isa = PBXResourcesBuildPhase;
			buildActionMask = 2147483647;
			files = (
			);
			runOnlyForDeploymentPostprocessing = 0;
		};
/* End PBXResourcesBuildPhase section */

/* Begin PBXSourcesBuildPhase section */
		8850FF1B2F75C94900A80F43 /* Sources */ = {
			isa = PBXSourcesBuildPhase;
			buildActionMask = 2147483647;
			files = (
			);
			runOnlyForDeploymentPostprocessing = 0;
		};
		8850FF2C2F75C94C00A80F43 /* Sources */ = {
			isa = PBXSourcesBuildPhase;
			buildActionMask = 2147483647;
			files = (
			);
			runOnlyForDeploymentPostprocessing = 0;
		};
		8850FF362F75C94C00A80F43 /* Sources */ = {
			isa = PBXSourcesBuildPhase;
			buildActionMask = 2147483647;
			files = (
			);
			runOnlyForDeploymentPostprocessing = 0;
		};
		A10000002FCE000000000007 /* Sources */ = {
			isa = PBXSourcesBuildPhase;
			buildActionMask = 2147483647;
			files = (
				A10000002FCE000000000203 /* Cadence/Models/ModelEnums.swift in Sources */,
				A10000002FCE000000000204 /* Cadence/Models/Context.swift in Sources */,
				A10000002FCE000000000205 /* Cadence/Models/Area.swift in Sources */,
				A10000002FCE000000000206 /* Cadence/Models/Project.swift in Sources */,
				A10000002FCE000000000207 /* Cadence/Models/Goal.swift in Sources */,
				A10000002FCE000000000208 /* Cadence/Models/AppTask.swift in Sources */,
				A10000002FCE000000000209 /* Cadence/Models/Subtask.swift in Sources */,
				A10000002FCE00000000020A /* Cadence/Models/Habit.swift in Sources */,
				A10000002FCE00000000020B /* Cadence/Models/HabitCompletion.swift in Sources */,
				A10000002FCE00000000020C /* Cadence/Models/DailyNote.swift in Sources */,
				A10000002FCE00000000020D /* Cadence/Models/WeeklyNote.swift in Sources */,
				A10000002FCE00000000020E /* Cadence/Models/PermNote.swift in Sources */,
				A10000002FCE00000000020F /* Cadence/Models/Document.swift in Sources */,
				A10000002FCE00000000021F /* Cadence/Models/Note.swift in Sources */,
				A10000002FCE000000000210 /* Cadence/Models/SavedLink.swift in Sources */,
				A10000002FCE000000000211 /* Cadence/Models/EventNote.swift in Sources */,
				A10000002FCE00000000021E /* Cadence/Models/MarkdownImageAsset.swift in Sources */,
				A10000002FCE000000000212 /* Cadence/Shared/DateFormatters.swift in Sources */,
				A10000002FCE000000000213 /* Cadence/Services/CadenceSchema.swift in Sources */,
				A10000002FCE000000000220 /* Cadence/Services/NoteMigrationService.swift in Sources */,
				A10000002FCE000000000214 /* Cadence/Services/MCPReadOnly/CadenceReadDTOs.swift in Sources */,
				A10000002FCE000000000215 /* Cadence/Services/MCPReadOnly/CadenceSearchMatcher.swift in Sources */,
				A10000002FCE000000000216 /* Cadence/Services/MCPReadOnly/CadenceModelContainerFactory.swift in Sources */,
				A10000002FCE00000000021A /* Cadence/Services/MCPReadOnly/CadenceMCPServiceSupport.swift in Sources */,
				A10000002FCE00000000021D /* Cadence/Services/MCPReadOnly/CadenceMCPAuditLog.swift in Sources */,
				A10000002FCE000000000217 /* Cadence/Services/MCPReadOnly/CadenceReadService.swift in Sources */,
				A10000002FCE000000000219 /* Cadence/Services/MCPReadOnly/CadenceWriteService.swift in Sources */,
				A10000002FCE000000000202 /* CadenceMCPToolRouter.swift in Sources */,
				A10000002FCE00000000021B /* CadenceMCPToolDefinitions.swift in Sources */,
				A10000002FCE00000000021C /* CadenceMCPArgumentParsing.swift in Sources */,
				A10000002FCE000000000201 /* main.swift in Sources */,
			);
			runOnlyForDeploymentPostprocessing = 0;
		};
/* End PBXSourcesBuildPhase section */

/* Begin PBXTargetDependency section */
		8850FF322F75C94C00A80F43 /* PBXTargetDependency */ = {
			isa = PBXTargetDependency;
			target = 8850FF1E2F75C94900A80F43 /* Cadence */;
			targetProxy = 8850FF312F75C94C00A80F43 /* PBXContainerItemProxy */;
		};
		8850FF3C2F75C94C00A80F43 /* PBXTargetDependency */ = {
			isa = PBXTargetDependency;
			target = 8850FF1E2F75C94900A80F43 /* Cadence */;
			targetProxy = 8850FF3B2F75C94C00A80F43 /* PBXContainerItemProxy */;
		};
/* End PBXTargetDependency section */

/* Begin XCBuildConfiguration section */
		8850FF442F75C94C00A80F43 /* Debug */ = {
			isa = XCBuildConfiguration;
			buildSettings = {
				ASSETCATALOG_COMPILER_APPICON_NAME = AppIcon;
				ASSETCATALOG_COMPILER_GLOBAL_ACCENT_COLOR_NAME = AccentColor;
				CODE_SIGN_ENTITLEMENTS = Cadence/Cadence.entitlements;
				CODE_SIGN_STYLE = Automatic;
				CURRENT_PROJECT_VERSION = 3;
				DEVELOPMENT_TEAM = SM6Y3D2D55;
				ENABLE_APP_SANDBOX = YES;
				ENABLE_HARDENED_RUNTIME = YES;
				ENABLE_PREVIEWS = YES;
				ENABLE_USER_SELECTED_FILES = readonly;
				GENERATE_INFOPLIST_FILE = YES;
				INFOPLIST_FILE = Cadence/Info.plist;
				INFOPLIST_KEY_CFBundleIconName = AppIcon;
				INFOPLIST_KEY_NSCalendarsFullAccessUsageDescription = "\"Cadence uses your calendar to sync scheduled tasks\"";
				"INFOPLIST_KEY_UIApplicationSceneManifest_Generation[sdk=iphoneos*]" = YES;
				"INFOPLIST_KEY_UIApplicationSceneManifest_Generation[sdk=iphonesimulator*]" = YES;
				"INFOPLIST_KEY_UIApplicationSupportsIndirectInputEvents[sdk=iphoneos*]" = YES;
				"INFOPLIST_KEY_UIApplicationSupportsIndirectInputEvents[sdk=iphonesimulator*]" = YES;
				"INFOPLIST_KEY_UILaunchScreen_Generation[sdk=iphoneos*]" = YES;
				"INFOPLIST_KEY_UILaunchScreen_Generation[sdk=iphonesimulator*]" = YES;
				"INFOPLIST_KEY_UIStatusBarStyle[sdk=iphoneos*]" = UIStatusBarStyleDefault;
				"INFOPLIST_KEY_UIStatusBarStyle[sdk=iphonesimulator*]" = UIStatusBarStyleDefault;
				INFOPLIST_KEY_UISupportedInterfaceOrientations_iPad = "UIInterfaceOrientationPortrait UIInterfaceOrientationPortraitUpsideDown UIInterfaceOrientationLandscapeLeft UIInterfaceOrientationLandscapeRight";
				INFOPLIST_KEY_UISupportedInterfaceOrientations_iPhone = "UIInterfaceOrientationPortrait UIInterfaceOrientationLandscapeLeft UIInterfaceOrientationLandscapeRight";
				IPHONEOS_DEPLOYMENT_TARGET = 26.2;
				LD_RUNPATH_SEARCH_PATHS = "@executable_path/Frameworks";
				"LD_RUNPATH_SEARCH_PATHS[sdk=macosx*]" = "@executable_path/../Frameworks";
				MACOSX_DEPLOYMENT_TARGET = 26.1;
				MARKETING_VERSION = 1.0;
				PRODUCT_BUNDLE_IDENTIFIER = com.haoranwei.Cadence;
				PRODUCT_NAME = "$(TARGET_NAME)";
				REGISTER_APP_GROUPS = YES;
				SDKROOT = auto;
				STRING_CATALOG_GENERATE_SYMBOLS = YES;
				SUPPORTED_PLATFORMS = "iphoneos iphonesimulator macosx xros xrsimulator";
				SWIFT_APPROACHABLE_CONCURRENCY = YES;
				SWIFT_DEFAULT_ACTOR_ISOLATION = MainActor;
				SWIFT_EMIT_LOC_STRINGS = YES;
				SWIFT_UPCOMING_FEATURE_MEMBER_IMPORT_VISIBILITY = YES;
				SWIFT_VERSION = 5.0;
				TARGETED_DEVICE_FAMILY = "1,2,7";
				XROS_DEPLOYMENT_TARGET = 26.2;
			};
			name = Debug;
		};
		8850FF452F75C94C00A80F43 /* Release */ = {
			isa = XCBuildConfiguration;
			buildSettings = {
				ASSETCATALOG_COMPILER_APPICON_NAME = AppIcon;
				ASSETCATALOG_COMPILER_GLOBAL_ACCENT_COLOR_NAME = AccentColor;
				CODE_SIGN_ENTITLEMENTS = Cadence/Cadence.entitlements;
				CODE_SIGN_STYLE = Automatic;
				CURRENT_PROJECT_VERSION = 3;
				DEVELOPMENT_TEAM = SM6Y3D2D55;
				ENABLE_APP_SANDBOX = YES;
				ENABLE_HARDENED_RUNTIME = YES;
				ENABLE_PREVIEWS = YES;
				ENABLE_USER_SELECTED_FILES = readonly;
				GENERATE_INFOPLIST_FILE = YES;
				INFOPLIST_FILE = Cadence/Info.plist;
				INFOPLIST_KEY_CFBundleIconName = AppIcon;
				INFOPLIST_KEY_NSCalendarsFullAccessUsageDescription = "\"Cadence uses your calendar to sync scheduled tasks\"";
				"INFOPLIST_KEY_UIApplicationSceneManifest_Generation[sdk=iphoneos*]" = YES;
				"INFOPLIST_KEY_UIApplicationSceneManifest_Generation[sdk=iphonesimulator*]" = YES;
				"INFOPLIST_KEY_UIApplicationSupportsIndirectInputEvents[sdk=iphoneos*]" = YES;
				"INFOPLIST_KEY_UIApplicationSupportsIndirectInputEvents[sdk=iphonesimulator*]" = YES;
				"INFOPLIST_KEY_UILaunchScreen_Generation[sdk=iphoneos*]" = YES;
				"INFOPLIST_KEY_UILaunchScreen_Generation[sdk=iphonesimulator*]" = YES;
				"INFOPLIST_KEY_UIStatusBarStyle[sdk=iphoneos*]" = UIStatusBarStyleDefault;
				"INFOPLIST_KEY_UIStatusBarStyle[sdk=iphonesimulator*]" = UIStatusBarStyleDefault;
				INFOPLIST_KEY_UISupportedInterfaceOrientations_iPad = "UIInterfaceOrientationPortrait UIInterfaceOrientationPortraitUpsideDown UIInterfaceOrientationLandscapeLeft UIInterfaceOrientationLandscapeRight";
				INFOPLIST_KEY_UISupportedInterfaceOrientations_iPhone = "UIInterfaceOrientationPortrait UIInterfaceOrientationLandscapeLeft UIInterfaceOrientationLandscapeRight";
				IPHONEOS_DEPLOYMENT_TARGET = 26.2;
				LD_RUNPATH_SEARCH_PATHS = "@executable_path/Frameworks";
				"LD_RUNPATH_SEARCH_PATHS[sdk=macosx*]" = "@executable_path/../Frameworks";
				MACOSX_DEPLOYMENT_TARGET = 26.1;
				MARKETING_VERSION = 1.0;
				PRODUCT_BUNDLE_IDENTIFIER = com.haoranwei.Cadence;
				PRODUCT_NAME = "$(TARGET_NAME)";
				REGISTER_APP_GROUPS = YES;
				SDKROOT = auto;
				STRING_CATALOG_GENERATE_SYMBOLS = YES;
				SUPPORTED_PLATFORMS = "iphoneos iphonesimulator macosx xros xrsimulator";
				SWIFT_APPROACHABLE_CONCURRENCY = YES;
				SWIFT_DEFAULT_ACTOR_ISOLATION = MainActor;
				SWIFT_EMIT_LOC_STRINGS = YES;
				SWIFT_UPCOMING_FEATURE_MEMBER_IMPORT_VISIBILITY = YES;
				SWIFT_VERSION = 5.0;
				TARGETED_DEVICE_FAMILY = "1,2,7";
				XROS_DEPLOYMENT_TARGET = 26.2;
			};
			name = Release;
		};
		8850FF462F75C94C00A80F43 /* Debug */ = {
			isa = XCBuildConfiguration;
			buildSettings = {
				ALWAYS_SEARCH_USER_PATHS = NO;
				ASSETCATALOG_COMPILER_GENERATE_SWIFT_ASSET_SYMBOL_EXTENSIONS = YES;
				CLANG_ANALYZER_NONNULL = YES;
				CLANG_ANALYZER_NUMBER_OBJECT_CONVERSION = YES_AGGRESSIVE;
				CLANG_CXX_LANGUAGE_STANDARD = "gnu++20";
				CLANG_ENABLE_MODULES = YES;
				CLANG_ENABLE_OBJC_ARC = YES;
				CLANG_ENABLE_OBJC_WEAK = YES;
				CLANG_WARN_BLOCK_CAPTURE_AUTORELEASING = YES;
				CLANG_WARN_BOOL_CONVERSION = YES;
				CLANG_WARN_COMMA = YES;
				CLANG_WARN_CONSTANT_CONVERSION = YES;
				CLANG_WARN_DEPRECATED_OBJC_IMPLEMENTATIONS = YES;
				CLANG_WARN_DIRECT_OBJC_ISA_USAGE = YES_ERROR;
				CLANG_WARN_DOCUMENTATION_COMMENTS = YES;
				CLANG_WARN_EMPTY_BODY = YES;
				CLANG_WARN_ENUM_CONVERSION = YES;
				CLANG_WARN_INFINITE_RECURSION = YES;
				CLANG_WARN_INT_CONVERSION = YES;
				CLANG_WARN_NON_LITERAL_NULL_CONVERSION = YES;
				CLANG_WARN_OBJC_IMPLICIT_RETAIN_SELF = YES;
				CLANG_WARN_OBJC_LITERAL_CONVERSION = YES;
				CLANG_WARN_OBJC_ROOT_CLASS = YES_ERROR;
				CLANG_WARN_QUOTED_INCLUDE_IN_FRAMEWORK_HEADER = YES;
				CLANG_WARN_RANGE_LOOP_ANALYSIS = YES;
				CLANG_WARN_STRICT_PROTOTYPES = YES;
				CLANG_WARN_SUSPICIOUS_MOVE = YES;
				CLANG_WARN_UNGUARDED_AVAILABILITY = YES_AGGRESSIVE;
				CLANG_WARN_UNREACHABLE_CODE = YES;
				CLANG_WARN__DUPLICATE_METHOD_MATCH = YES;
				COPY_PHASE_STRIP = NO;
				DEBUG_INFORMATION_FORMAT = dwarf;
				DEVELOPMENT_TEAM = SM6Y3D2D55;
				ENABLE_STRICT_OBJC_MSGSEND = YES;
				ENABLE_TESTABILITY = YES;
				ENABLE_USER_SCRIPT_SANDBOXING = YES;
				GCC_C_LANGUAGE_STANDARD = gnu17;
				GCC_DYNAMIC_NO_PIC = NO;
				GCC_NO_COMMON_BLOCKS = YES;
				GCC_OPTIMIZATION_LEVEL = 0;
				GCC_PREPROCESSOR_DEFINITIONS = (
					"DEBUG=1",
					"$(inherited)",
				);
				GCC_WARN_64_TO_32_BIT_CONVERSION = YES;
				GCC_WARN_ABOUT_RETURN_TYPE = YES_ERROR;
				GCC_WARN_UNDECLARED_SELECTOR = YES;
				GCC_WARN_UNINITIALIZED_AUTOS = YES_AGGRESSIVE;
				GCC_WARN_UNUSED_FUNCTION = YES;
				GCC_WARN_UNUSED_VARIABLE = YES;
				LOCALIZATION_PREFERS_STRING_CATALOGS = YES;
				MTL_ENABLE_DEBUG_INFO = INCLUDE_SOURCE;
				MTL_FAST_MATH = YES;
				ONLY_ACTIVE_ARCH = YES;
				SWIFT_ACTIVE_COMPILATION_CONDITIONS = "DEBUG $(inherited)";
				SWIFT_OPTIMIZATION_LEVEL = "-Onone";
			};
			name = Debug;
		};
		8850FF472F75C94C00A80F43 /* Release */ = {
			isa = XCBuildConfiguration;
			buildSettings = {
				ALWAYS_SEARCH_USER_PATHS = NO;
				ASSETCATALOG_COMPILER_GENERATE_SWIFT_ASSET_SYMBOL_EXTENSIONS = YES;
				CLANG_ANALYZER_NONNULL = YES;
				CLANG_ANALYZER_NUMBER_OBJECT_CONVERSION = YES_AGGRESSIVE;
				CLANG_CXX_LANGUAGE_STANDARD = "gnu++20";
				CLANG_ENABLE_MODULES = YES;
				CLANG_ENABLE_OBJC_ARC = YES;
				CLANG_ENABLE_OBJC_WEAK = YES;
				CLANG_WARN_BLOCK_CAPTURE_AUTORELEASING = YES;
				CLANG_WARN_BOOL_CONVERSION = YES;
				CLANG_WARN_COMMA = YES;
				CLANG_WARN_CONSTANT_CONVERSION = YES;
				CLANG_WARN_DEPRECATED_OBJC_IMPLEMENTATIONS = YES;
				CLANG_WARN_DIRECT_OBJC_ISA_USAGE = YES_ERROR;
				CLANG_WARN_DOCUMENTATION_COMMENTS = YES;
				CLANG_WARN_EMPTY_BODY = YES;
				CLANG_WARN_ENUM_CONVERSION = YES;
				CLANG_WARN_INFINITE_RECURSION = YES;
				CLANG_WARN_INT_CONVERSION = YES;
				CLANG_WARN_NON_LITERAL_NULL_CONVERSION = YES;
				CLANG_WARN_OBJC_IMPLICIT_RETAIN_SELF = YES;
				CLANG_WARN_OBJC_LITERAL_CONVERSION = YES;
				CLANG_WARN_OBJC_ROOT_CLASS = YES_ERROR;
				CLANG_WARN_QUOTED_INCLUDE_IN_FRAMEWORK_HEADER = YES;
				CLANG_WARN_RANGE_LOOP_ANALYSIS = YES;
				CLANG_WARN_STRICT_PROTOTYPES = YES;
				CLANG_WARN_SUSPICIOUS_MOVE = YES;
				CLANG_WARN_UNGUARDED_AVAILABILITY = YES_AGGRESSIVE;
				CLANG_WARN_UNREACHABLE_CODE = YES;
				CLANG_WARN__DUPLICATE_METHOD_MATCH = YES;
				COPY_PHASE_STRIP = NO;
				DEBUG_INFORMATION_FORMAT = "dwarf-with-dsym";
				DEVELOPMENT_TEAM = SM6Y3D2D55;
				ENABLE_NS_ASSERTIONS = NO;
				ENABLE_STRICT_OBJC_MSGSEND = YES;
				ENABLE_USER_SCRIPT_SANDBOXING = YES;
				GCC_C_LANGUAGE_STANDARD = gnu17;
				GCC_NO_COMMON_BLOCKS = YES;
				GCC_WARN_64_TO_32_BIT_CONVERSION = YES;
				GCC_WARN_ABOUT_RETURN_TYPE = YES_ERROR;
				GCC_WARN_UNDECLARED_SELECTOR = YES;
				GCC_WARN_UNINITIALIZED_AUTOS = YES_AGGRESSIVE;
				GCC_WARN_UNUSED_FUNCTION = YES;
				GCC_WARN_UNUSED_VARIABLE = YES;
				LOCALIZATION_PREFERS_STRING_CATALOGS = YES;
				MTL_ENABLE_DEBUG_INFO = NO;
				MTL_FAST_MATH = YES;
				SWIFT_COMPILATION_MODE = wholemodule;
			};
			name = Release;
		};
		8850FF492F75C94C00A80F43 /* Debug */ = {
			isa = XCBuildConfiguration;
			buildSettings = {
				BUNDLE_LOADER = "$(TEST_HOST)";
				CODE_SIGN_STYLE = Automatic;
				CURRENT_PROJECT_VERSION = 1;
				DEVELOPMENT_TEAM = SM6Y3D2D55;
				GENERATE_INFOPLIST_FILE = YES;
				IPHONEOS_DEPLOYMENT_TARGET = 26.2;
				MACOSX_DEPLOYMENT_TARGET = 26.1;
				MARKETING_VERSION = 1.0;
				PRODUCT_BUNDLE_IDENTIFIER = com.haoranwei.CadenceTests;
				PRODUCT_NAME = "$(TARGET_NAME)";
				SDKROOT = auto;
				STRING_CATALOG_GENERATE_SYMBOLS = NO;
				SUPPORTED_PLATFORMS = "iphoneos iphonesimulator macosx xros xrsimulator";
				SWIFT_APPROACHABLE_CONCURRENCY = YES;
				SWIFT_EMIT_LOC_STRINGS = NO;
				SWIFT_UPCOMING_FEATURE_MEMBER_IMPORT_VISIBILITY = YES;
				SWIFT_VERSION = 5.0;
				TARGETED_DEVICE_FAMILY = "1,2,7";
				TEST_HOST = "$(BUILT_PRODUCTS_DIR)/Cadence.app/$(BUNDLE_EXECUTABLE_FOLDER_PATH)/Cadence";
				XROS_DEPLOYMENT_TARGET = 26.2;
			};
			name = Debug;
		};
		8850FF4A2F75C94C00A80F43 /* Release */ = {
			isa = XCBuildConfiguration;
			buildSettings = {
				BUNDLE_LOADER = "$(TEST_HOST)";
				CODE_SIGN_STYLE = Automatic;
				CURRENT_PROJECT_VERSION = 1;
				DEVELOPMENT_TEAM = SM6Y3D2D55;
				GENERATE_INFOPLIST_FILE = YES;
				IPHONEOS_DEPLOYMENT_TARGET = 26.2;
				MACOSX_DEPLOYMENT_TARGET = 26.1;
				MARKETING_VERSION = 1.0;
				PRODUCT_BUNDLE_IDENTIFIER = com.haoranwei.CadenceTests;
				PRODUCT_NAME = "$(TARGET_NAME)";
				SDKROOT = auto;
				STRING_CATALOG_GENERATE_SYMBOLS = NO;
				SUPPORTED_PLATFORMS = "iphoneos iphonesimulator macosx xros xrsimulator";
				SWIFT_APPROACHABLE_CONCURRENCY = YES;
				SWIFT_EMIT_LOC_STRINGS = NO;
				SWIFT_UPCOMING_FEATURE_MEMBER_IMPORT_VISIBILITY = YES;
				SWIFT_VERSION = 5.0;
				TARGETED_DEVICE_FAMILY = "1,2,7";
				TEST_HOST = "$(BUILT_PRODUCTS_DIR)/Cadence.app/$(BUNDLE_EXECUTABLE_FOLDER_PATH)/Cadence";
				XROS_DEPLOYMENT_TARGET = 26.2;
			};
			name = Release;
		};
		8850FF4C2F75C94C00A80F43 /* Debug */ = {
			isa = XCBuildConfiguration;
			buildSettings = {
				CODE_SIGN_STYLE = Automatic;
				CURRENT_PROJECT_VERSION = 1;
				DEVELOPMENT_TEAM = SM6Y3D2D55;
				GENERATE_INFOPLIST_FILE = YES;
				IPHONEOS_DEPLOYMENT_TARGET = 26.2;
				MACOSX_DEPLOYMENT_TARGET = 26.1;
				MARKETING_VERSION = 1.0;
				PRODUCT_BUNDLE_IDENTIFIER = com.haoranwei.CadenceUITests;
				PRODUCT_NAME = "$(TARGET_NAME)";
				SDKROOT = auto;
				STRING_CATALOG_GENERATE_SYMBOLS = NO;
				SUPPORTED_PLATFORMS = "iphoneos iphonesimulator macosx xros xrsimulator";
				SWIFT_APPROACHABLE_CONCURRENCY = YES;
				SWIFT_EMIT_LOC_STRINGS = NO;
				SWIFT_UPCOMING_FEATURE_MEMBER_IMPORT_VISIBILITY = YES;
				SWIFT_VERSION = 5.0;
				TARGETED_DEVICE_FAMILY = "1,2,7";
				TEST_TARGET_NAME = Cadence;
				XROS_DEPLOYMENT_TARGET = 26.2;
			};
			name = Debug;
		};
		8850FF4D2F75C94C00A80F43 /* Release */ = {
			isa = XCBuildConfiguration;
			buildSettings = {
				CODE_SIGN_STYLE = Automatic;
				CURRENT_PROJECT_VERSION = 1;
				DEVELOPMENT_TEAM = SM6Y3D2D55;
				GENERATE_INFOPLIST_FILE = YES;
				IPHONEOS_DEPLOYMENT_TARGET = 26.2;
				MACOSX_DEPLOYMENT_TARGET = 26.1;
				MARKETING_VERSION = 1.0;
				PRODUCT_BUNDLE_IDENTIFIER = com.haoranwei.CadenceUITests;
				PRODUCT_NAME = "$(TARGET_NAME)";
				SDKROOT = auto;
				STRING_CATALOG_GENERATE_SYMBOLS = NO;
				SUPPORTED_PLATFORMS = "iphoneos iphonesimulator macosx xros xrsimulator";
				SWIFT_APPROACHABLE_CONCURRENCY = YES;
				SWIFT_EMIT_LOC_STRINGS = NO;
				SWIFT_UPCOMING_FEATURE_MEMBER_IMPORT_VISIBILITY = YES;
				SWIFT_VERSION = 5.0;
				TARGETED_DEVICE_FAMILY = "1,2,7";
				TEST_TARGET_NAME = Cadence;
				XROS_DEPLOYMENT_TARGET = 26.2;
			};
			name = Release;
		};
		A10000002FCE000000000008 /* Debug */ = {
			isa = XCBuildConfiguration;
			buildSettings = {
				CODE_SIGN_STYLE = Automatic;
				CURRENT_PROJECT_VERSION = 1;
				DEVELOPMENT_TEAM = SM6Y3D2D55;
				GENERATE_INFOPLIST_FILE = YES;
				MACOSX_DEPLOYMENT_TARGET = 26.1;
				MARKETING_VERSION = 1.0;
				PRODUCT_BUNDLE_IDENTIFIER = com.haoranwei.CadenceMCPServer;
				PRODUCT_NAME = "$(TARGET_NAME)";
				SDKROOT = macosx;
				SKIP_INSTALL = YES;
				STRING_CATALOG_GENERATE_SYMBOLS = NO;
				SUPPORTED_PLATFORMS = macosx;
				SWIFT_APPROACHABLE_CONCURRENCY = YES;
				SWIFT_EMIT_LOC_STRINGS = NO;
				SWIFT_STRICT_CONCURRENCY = targeted;
				SWIFT_UPCOMING_FEATURE_MEMBER_IMPORT_VISIBILITY = YES;
				SWIFT_VERSION = 6.0;
			};
			name = Debug;
		};
		A10000002FCE000000000009 /* Release */ = {
			isa = XCBuildConfiguration;
			buildSettings = {
				CODE_SIGN_STYLE = Automatic;
				CURRENT_PROJECT_VERSION = 1;
				DEVELOPMENT_TEAM = SM6Y3D2D55;
				GENERATE_INFOPLIST_FILE = YES;
				MACOSX_DEPLOYMENT_TARGET = 26.1;
				MARKETING_VERSION = 1.0;
				PRODUCT_BUNDLE_IDENTIFIER = com.haoranwei.CadenceMCPServer;
				PRODUCT_NAME = "$(TARGET_NAME)";
				SDKROOT = macosx;
				SKIP_INSTALL = YES;
				STRING_CATALOG_GENERATE_SYMBOLS = NO;
				SUPPORTED_PLATFORMS = macosx;
				SWIFT_APPROACHABLE_CONCURRENCY = YES;
				SWIFT_EMIT_LOC_STRINGS = NO;
				SWIFT_STRICT_CONCURRENCY = targeted;
				SWIFT_UPCOMING_FEATURE_MEMBER_IMPORT_VISIBILITY = YES;
				SWIFT_VERSION = 6.0;
			};
			name = Release;
		};
/* End XCBuildConfiguration section */

/* Begin XCConfigurationList section */
		8850FF1A2F75C94900A80F43 /* Build configuration list for PBXProject "Cadence" */ = {
			isa = XCConfigurationList;
			buildConfigurations = (
				8850FF462F75C94C00A80F43 /* Debug */,
				8850FF472F75C94C00A80F43 /* Release */,
			);
			defaultConfigurationIsVisible = 0;
			defaultConfigurationName = Release;
		};
		8850FF432F75C94C00A80F43 /* Build configuration list for PBXNativeTarget "Cadence" */ = {
			isa = XCConfigurationList;
			buildConfigurations = (
				8850FF442F75C94C00A80F43 /* Debug */,
				8850FF452F75C94C00A80F43 /* Release */,
			);
			defaultConfigurationIsVisible = 0;
			defaultConfigurationName = Release;
		};
		8850FF482F75C94C00A80F43 /* Build configuration list for PBXNativeTarget "CadenceTests" */ = {
			isa = XCConfigurationList;
			buildConfigurations = (
				8850FF492F75C94C00A80F43 /* Debug */,
				8850FF4A2F75C94C00A80F43 /* Release */,
			);
			defaultConfigurationIsVisible = 0;
			defaultConfigurationName = Release;
		};
		8850FF4B2F75C94C00A80F43 /* Build configuration list for PBXNativeTarget "CadenceUITests" */ = {
			isa = XCConfigurationList;
			buildConfigurations = (
				8850FF4C2F75C94C00A80F43 /* Debug */,
				8850FF4D2F75C94C00A80F43 /* Release */,
			);
			defaultConfigurationIsVisible = 0;
			defaultConfigurationName = Release;
		};
		A10000002FCE00000000000A /* Build configuration list for PBXNativeTarget "CadenceMCPServer" */ = {
			isa = XCConfigurationList;
			buildConfigurations = (
				A10000002FCE000000000008 /* Debug */,
				A10000002FCE000000000009 /* Release */,
			);
			defaultConfigurationIsVisible = 0;
			defaultConfigurationName = Release;
		};
/* End XCConfigurationList section */

/* Begin XCRemoteSwiftPackageReference section */
		A10000002FCE000000000301 /* XCRemoteSwiftPackageReference "swift-sdk" */ = {
			isa = XCRemoteSwiftPackageReference;
			repositoryURL = "https://github.com/modelcontextprotocol/swift-sdk.git";
			requirement = {
				kind = upToNextMajorVersion;
				minimumVersion = 0.12.0;
			};
		};
/* End XCRemoteSwiftPackageReference section */

/* Begin XCSwiftPackageProductDependency section */
		A10000002FCE000000000302 /* MCP */ = {
			isa = XCSwiftPackageProductDependency;
			package = A10000002FCE000000000301 /* XCRemoteSwiftPackageReference "swift-sdk" */;
			productName = MCP;
		};
/* End XCSwiftPackageProductDependency section */
	};
	rootObject = 8850FF172F75C94900A80F43 /* Project object */;
}
